// !$*UTF8*$!
{
	archiveVersion = 1;
	classes = {
	};
	objectVersion = 46;
	objects = {

/* Begin PBXBuildFile section */
		9A5D86561C1B94C600C88D01 /* main.m in Sources */ = {isa = PBXBuildFile; fileRef = 9A5D86551C1B94C600C88D01 /* main.m */; };
		9A5D86591C1B94C600C88D01 /* AppDelegate.m in Sources */ = {isa = PBXBuildFile; fileRef = 9A5D86581C1B94C600C88D01 /* AppDelegate.m */; };
		9A5D865C1C1B94C600C88D01 /* ViewController.m in Sources */ = {isa = PBXBuildFile; fileRef = 9A5D865B1C1B94C600C88D01 /* ViewController.m */; };
		9A5D865F1C1B94C600C88D01 /* Main.storyboard in Resources */ = {isa = PBXBuildFile; fileRef = 9A5D865D1C1B94C600C88D01 /* Main.storyboard */; };
		9A5D86611C1B94C600C88D01 /* Assets.xcassets in Resources */ = {isa = PBXBuildFile; fileRef = 9A5D86601C1B94C600C88D01 /* Assets.xcassets */; };
		9A5D86641C1B94C600C88D01 /* LaunchScreen.storyboard in Resources */ = {isa = PBXBuildFile; fileRef = 9A5D86621C1B94C600C88D01 /* LaunchScreen.storyboard */; };
		9A5D86731C1BB12200C88D01 /* CustomAnnotation.m in Sources */ = {isa = PBXBuildFile; fileRef = 9A5D86721C1BB12200C88D01 /* CustomAnnotation.m */; };
		9A5D86761C1BB15F00C88D01 /* MapViewController.m in Sources */ = {isa = PBXBuildFile; fileRef = 9A5D86751C1BB15F00C88D01 /* MapViewController.m */; };
		9A5D86791C1BB17C00C88D01 /* DataViewController.m in Sources */ = {isa = PBXBuildFile; fileRef = 9A5D86781C1BB17C00C88D01 /* DataViewController.m */; };
/* End PBXBuildFile section */

/* Begin PBXFileReference section */
		9A5D86511C1B94C600C88D01 /* MapData.app */ = {isa = PBXFileReference; explicitFileType = wrapper.application; includeInIndex = 0; path = MapData.app; sourceTree = BUILT_PRODUCTS_DIR; };
		9A5D86551C1B94C600C88D01 /* main.m */ = {isa = PBXFileReference; lastKnownFileType = sourcecode.c.objc; path = main.m; sourceTree = "<group>"; };
		9A5D86571C1B94C600C88D01 /* AppDelegate.h */ = {isa = PBXFileReference; lastKnownFileType = sourcecode.c.h; path = AppDelegate.h; sourceTree = "<group>"; };
		9A5D86581C1B94C600C88D01 /* AppDelegate.m */ = {isa = PBXFileReference; lastKnownFileType = sourcecode.c.objc; path = AppDelegate.m; sourceTree = "<group>"; };
		9A5D865A1C1B94C600C88D01 /* ViewController.h */ = {isa = PBXFileReference; lastKnownFileType = sourcecode.c.h; path = ViewController.h; sourceTree = "<group>"; };
		9A5D865B1C1B94C600C88D01 /* ViewController.m */ = {isa = PBXFileReference; lastKnownFileType = sourcecode.c.objc; path = ViewController.m; sourceTree = "<group>"; };
		9A5D865E1C1B94C600C88D01 /* Base */ = {isa = PBXFileReference; lastKnownFileType = file.storyboard; name = Base; path = Base.lproj/Main.storyboard; sourceTree = "<group>"; };
		9A5D86601C1B94C600C88D01 /* Assets.xcassets */ = {isa = PBXFileReference; lastKnownFileType = folder.assetcatalog; path = Assets.xcassets; sourceTree = "<group>"; };
		9A5D86631C1B94C600C88D01 /* Base */ = {isa = PBXFileReference; lastKnownFileType = file.storyboard; name = Base; path = Base.lproj/LaunchScreen.storyboard; sourceTree = "<group>"; };
		9A5D86651C1B94C600C88D01 /* Info.plist */ = {isa = PBXFileReference; lastKnownFileType = text.plist.xml; path = Info.plist; sourceTree = "<group>"; };
		9A5D86711C1BB12200C88D01 /* CustomAnnotation.h */ = {isa = PBXFileReference; fileEncoding = 4; lastKnownFileType = sourcecode.c.h; path = CustomAnnotation.h; sourceTree = "<group>"; };
		9A5D86721C1BB12200C88D01 /* CustomAnnotation.m */ = {isa = PBXFileReference; fileEncoding = 4; lastKnownFileType = sourcecode.c.objc; path = CustomAnnotation.m; sourceTree = "<group>"; };
		9A5D86741C1BB15F00C88D01 /* MapViewController.h */ = {isa = PBXFileReference; fileEncoding = 4; lastKnownFileType = sourcecode.c.h; path = MapViewController.h; sourceTree = "<group>"; };
		9A5D86751C1BB15F00C88D01 /* MapViewController.m */ = {isa = PBXFileReference; fileEncoding = 4; lastKnownFileType = sourcecode.c.objc; path = MapViewController.m; sourceTree = "<group>"; };
		9A5D86771C1BB17C00C88D01 /* DataViewController.h */ = {isa = PBXFileReference; fileEncoding = 4; lastKnownFileType = sourcecode.c.h; path = DataViewController.h; sourceTree = "<group>"; };
		9A5D86781C1BB17C00C88D01 /* DataViewController.m */ = {isa = PBXFileReference; fileEncoding = 4; lastKnownFileType = sourcecode.c.objc; path = DataViewController.m; sourceTree = "<group>"; };
/* End PBXFileReference section */

/* Begin PBXFrameworksBuildPhase section */
		9A5D864E1C1B94C600C88D01 /* Frameworks */ = {
			isa = PBXFrameworksBuildPhase;
			buildActionMask = 2147483647;
			files = (
			);
			runOnlyForDeploymentPostprocessing = 0;
		};
/* End PBXFrameworksBuildPhase section */

/* Begin PBXGroup section */
		9A5D86481C1B94C600C88D01 = {
			isa = PBXGroup;
			children = (
				9A5D86531C1B94C600C88D01 /* MapData */,
				9A5D86521C1B94C600C88D01 /* Products */,
			);
			sourceTree = "<group>";
		};
		9A5D86521C1B94C600C88D01 /* Products */ = {
			isa = PBXGroup;
			children = (
				9A5D86511C1B94C600C88D01 /* MapData.app */,
			);
			name = Products;
			sourceTree = "<group>";
		};
		9A5D86531C1B94C600C88D01 /* MapData */ = {
			isa = PBXGroup;
			children = (
				9A5D86571C1B94C600C88D01 /* AppDelegate.h */,
				9A5D86581C1B94C600C88D01 /* AppDelegate.m */,
				9A5D865A1C1B94C600C88D01 /* ViewController.h */,
				9A5D865B1C1B94C600C88D01 /* ViewController.m */,
				9A5D865D1C1B94C600C88D01 /* Main.storyboard */,
				9A5D86601C1B94C600C88D01 /* Assets.xcassets */,
				9A5D86621C1B94C600C88D01 /* LaunchScreen.storyboard */,
				9A5D86651C1B94C600C88D01 /* Info.plist */,
				9A5D86541C1B94C600C88D01 /* Supporting Files */,
				9A5D86711C1BB12200C88D01 /* CustomAnnotation.h */,
				9A5D86721C1BB12200C88D01 /* CustomAnnotation.m */,
				9A5D86741C1BB15F00C88D01 /* MapViewController.h */,
				9A5D86751C1BB15F00C88D01 /* MapViewController.m */,
				9A5D86771C1BB17C00C88D01 /* DataViewController.h */,
				9A5D86781C1BB17C00C88D01 /* DataViewController.m */,
			);
			path = MapData;
			sourceTree = "<group>";
		};
		9A5D86541C1B94C600C88D01 /* Supporting Files */ = {
			isa = PBXGroup;
			children = (
				9A5D86551C1B94C600C88D01 /* main.m */,
			);
			name = "Supporting Files";
			sourceTree = "<group>";
		};
/* End PBXGroup section */

/* Begin PBXNativeTarget section */
		9A5D86501C1B94C600C88D01 /* MapData */ = {
			isa = PBXNativeTarget;
			buildConfigurationList = 9A5D86681C1B94C600C88D01 /* Build configuration list for PBXNativeTarget "MapData" */;
			buildPhases = (
				9A5D864D1C1B94C600C88D01 /* Sources */,
				9A5D864E1C1B94C600C88D01 /* Frameworks */,
				9A5D864F1C1B94C600C88D01 /* Resources */,
			);
			buildRules = (
			);
			dependencies = (
			);
			name = MapData;
			productName = MapData;
			productReference = 9A5D86511C1B94C600C88D01 /* MapData.app */;
			productType = "com.apple.product-type.application";
		};
/* End PBXNativeTarget section */

/* Begin PBXProject section */
		9A5D86491C1B94C600C88D01 /* Project object */ = {
			isa = PBXProject;
			attributes = {
				LastUpgradeCheck = 0710;
				ORGANIZATIONNAME = noriaki.sakai;
				TargetAttributes = {
					9A5D86501C1B94C600C88D01 = {
						CreatedOnToolsVersion = 7.1.1;
						DevelopmentTeam = 8G8AL4NP6X;
					};
				};
			};
			buildConfigurationList = 9A5D864C1C1B94C600C88D01 /* Build configuration list for PBXProject "MapData" */;
			compatibilityVersion = "Xcode 3.2";
			developmentRegion = English;
			hasScannedForEncodings = 0;
			knownRegions = (
				en,
				Base,
			);
			mainGroup = 9A5D86481C1B94C600C88D01;
			productRefGroup = 9A5D86521C1B94C600C88D01 /* Products */;
			projectDirPath = "";
			projectRoot = "";
			targets = (
				9A5D86501C1B94C600C88D01 /* MapData */,
			);
		};
/* End PBXProject section */

/* Begin PBXResourcesBuildPhase section */
		9A5D864F1C1B94C600C88D01 /* Resources */ = {
			isa = PBXResourcesBuildPhase;
			buildActionMask = 2147483647;
			files = (
				9A5D86641C1B94C600C88D01 /* LaunchScreen.storyboard in Resources */,
				9A5D86611C1B94C600C88D01 /* Assets.xcassets in Resources */,
				9A5D865F1C1B94C600C88D01 /* Main.storyboard in Resources */,
			);
			runOnlyForDeploymentPostprocessing = 0;
		};
/* End PBXResourcesBuildPhase section */

/* Begin PBXSourcesBuildPhase section */
		9A5D864D1C1B94C600C88D01 /* Sources */ = {
			isa = PBXSourcesBuildPhase;
			buildActionMask = 2147483647;
			files = (
				9A5D865C1C1B94C600C88D01 /* ViewController.m in Sources */,
				9A5D86591C1B94C600C88D01 /* AppDelegate.m in Sources */,
				9A5D86761C1BB15F00C88D01 /* MapViewController.m in Sources */,
				9A5D86561C1B94C600C88D01 /* main.m in Sources */,
				9A5D86791C1BB17C00C88D01 /* DataViewController.m in Sources */,
				9A5D86731C1BB12200C88D01 /* CustomAnnotation.m in Sources */,
			);
			runOnlyForDeploymentPostprocessing = 0;
		};
/* End PBXSourcesBuildPhase section */

/* Begin PBXVariantGroup section */
		9A5D865D1C1B94C600C88D01 /* Main.storyboard */ = {
			isa = PBXVariantGroup;
			children = (
				9A5D865E1C1B94C600C88D01 /* Base */,
			);
			name = Main.storyboard;
			sourceTree = "<group>";
		};
		9A5D86621C1B94C600C88D01 /* LaunchScreen.storyboard */ = {
			isa = PBXVariantGroup;
			children = (
				9A5D86631C1B94C600C88D01 /* Base */,
			);
			name = LaunchScreen.storyboard;
			sourceTree = "<group>";
		};
/* End PBXVariantGroup section */

/* Begin XCBuildConfiguration section */
		9A5D86661C1B94C600C88D01 /* Debug */ = {
			isa = XCBuildConfiguration;
			buildSettings = {
				ALWAYS_SEARCH_USER_PATHS = NO;
				CLANG_CXX_LANGUAGE_STANDARD = "gnu++0x";
				CLANG_CXX_LIBRARY = "libc++";
				CLANG_ENABLE_MODULES = YES;
				CLANG_ENABLE_OBJC_ARC = YES;
				CLANG_WARN_BOOL_CONVERSION = YES;
				CLANG_WARN_CONSTANT_CONVERSION = YES;
				CLANG_WARN_DIRECT_OBJC_ISA_USAGE = YES_ERROR;
				CLANG_WARN_EMPTY_BODY = YES;
				CLANG_WARN_ENUM_CONVERSION = YES;
				CLANG_WARN_INT_CONVERSION = YES;
				CLANG_WARN_OBJC_ROOT_CLASS = YES_ERROR;
				CLANG_WARN_UNREACHABLE_CODE = YES;
				CLANG_WARN__DUPLICATE_METHOD_MATCH = YES;
				"CODE_SIGN_IDENTITY[sdk=iphoneos*]" = "iPhone Developer";
				COPY_PHASE_STRIP = NO;
				DEBUG_INFORMATION_FORMAT = dwarf;
				ENABLE_STRICT_OBJC_MSGSEND = YES;
				ENABLE_TESTABILITY = YES;
				GCC_C_LANGUAGE_STANDARD = gnu99;
				GCC_DYNAMIC_NO_PIC = NO;
				GCC_NO_COMMON_BLOCKS = YES;
				GCC_OPTIMIZATION_LEVEL = 0;
				GCC_PREPROCESSOR_DEFINITIONS = (
					"DEBUG=1",
					"$(inherited)",
				);
				GCC_WARN_64_TO_32_BIT_CONVERSION = YES;
				GCC_WARN_ABOUT_RETURN_TYPE = YES_ERROR;
				GCC_WARN_UNDECLARED_SELECTOR = YES;
				GCC_WARN_UNINITIALIZED_AUTOS = YES_AGGRESSIVE;
				GCC_WARN_UNUSED_FUNCTION = YES;
				GCC_WARN_UNUSED_VARIABLE = YES;
				IPHONEOS_DEPLOYMENT_TARGET = 9.1;
				MTL_ENABLE_DEBUG_INFO = YES;
				ONLY_ACTIVE_ARCH = YES;
				SDKROOT = iphoneos;
			};
			name = Debug;
		};
		9A5D86671C1B94C600C88D01 /* Release */ = {
			isa = XCBuildConfiguration;
			buildSettings = {
				ALWAYS_SEARCH_USER_PATHS = NO;
				CLANG_CXX_LANGUAGE_STANDARD = "gnu++0x";
				CLANG_CXX_LIBRARY = "libc++";
				CLANG_ENABLE_MODULES = YES;
				CLANG_ENABLE_OBJC_ARC = YES;
				CLANG_WARN_BOOL_CONVERSION = YES;
				CLANG_WARN_CONSTANT_CONVERSION = YES;
				CLANG_WARN_DIRECT_OBJC_ISA_USAGE = YES_ERROR;
				CLANG_WARN_EMPTY_BODY = YES;
				CLANG_WARN_ENUM_CONVERSION = YES;
				CLANG_WARN_INT_CONVERSION = YES;
				CLANG_WARN_OBJC_ROOT_CLASS = YES_ERROR;
				CLANG_WARN_UNREACHABLE_CODE = YES;
				CLANG_WARN__DUPLICATE_METHOD_MATCH = YES;
				"CODE_SIGN_IDENTITY[sdk=iphoneos*]" = "iPhone Developer";
				COPY_PHASE_STRIP = NO;
				DEBUG_INFORMATION_FORMAT = "dwarf-with-dsym";
				ENABLE_NS_ASSERTIONS = NO;
				ENABLE_STRICT_OBJC_MSGSEND = YES;
				GCC_C_LANGUAGE_STANDARD = gnu99;
				GCC_NO_COMMON_BLOCKS = YES;
				GCC_WARN_64_TO_32_BIT_CONVERSION = YES;
				GCC_WARN_ABOUT_RETURN_TYPE = YES_ERROR;
				GCC_WARN_UNDECLARED_SELECTOR = YES;
				GCC_WARN_UNINITIALIZED_AUTOS = YES_AGGRESSIVE;
				GCC_WARN_UNUSED_FUNCTION = YES;
				GCC_WARN_UNUSED_VARIABLE = YES;
				IPHONEOS_DEPLOYMENT_TARGET = 9.1;
				MTL_ENABLE_DEBUG_INFO = NO;
				SDKROOT = iphoneos;
				VALIDATE_PRODUCT = YES;
			};
			name = Release;
		};
		9A5D86691C1B94C600C88D01 /* Debug */ = {
			isa = XCBuildConfiguration;
			buildSettings = {
				ASSETCATALOG_COMPILER_APPICON_NAME = AppIcon;
				CODE_SIGN_IDENTITY = "iPhone Developer";
				"CODE_SIGN_IDENTITY[sdk=iphoneos*]" = "iPhone Developer";
				INFOPLIST_FILE = MapData/Info.plist;
				LD_RUNPATH_SEARCH_PATHS = "$(inherited) @executable_path/Frameworks";
				PRODUCT_BUNDLE_IDENTIFIER = jp.techacademy.MapData;
				PRODUCT_NAME = "$(TARGET_NAME)";
				PROVISIONING_PROFILE = "";
			};
			name = Debug;
		};
		9A5D866A1C1B94C600C88D01 /* Release */ = {
			isa = XCBuildConfiguration;
			buildSettings = {
				ASSETCATALOG_COMPILER_APPICON_NAME = AppIcon;
				CODE_SIGN_IDENTITY = "iPhone Developer";
				"CODE_SIGN_IDENTITY[sdk=iphoneos*]" = "iPhone Developer";
				INFOPLIST_FILE = MapData/Info.plist;
				LD_RUNPATH_SEARCH_PATHS = "$(inherited) @executable_path/Frameworks";
				PRODUCT_BUNDLE_IDENTIFIER = jp.techacademy.MapData;
				PRODUCT_NAME = "$(TARGET_NAME)";
				PROVISIONING_PROFILE = "";
			};
			name = Release;
		};
/* End XCBuildConfiguration section */

/* Begin XCConfigurationList section */
		9A5D864C1C1B94C600C88D01 /* Build configuration list for PBXProject "MapData" */ = {
			isa = XCConfigurationList;
			buildConfigurations = (
				9A5D86661C1B94C600C88D01 /* Debug */,
				9A5D86671C1B94C600C88D01 /* Release */,
			);
			defaultConfigurationIsVisible = 0;
			defaultConfigurationName = Release;
		};
		9A5D86681C1B94C600C88D01 /* Build configuration list for PBXNativeTarget "MapData" */ = {
			isa = XCConfigurationList;
			buildConfigurations = (
				9A5D86691C1B94C600C88D01 /* Debug */,
				9A5D866A1C1B94C600C88D01 /* Release */,
			);
			defaultConfigurationIsVisible = 0;
		};
/* End XCConfigurationList section */
	};
	rootObject = 9A5D86491C1B94C600C88D01 /* Project object */;
}
